
Microsoft Visual Studio Solution File, Format Version 12.00
# Visual Studio 15
VisualStudioVersion = 15.0.26730.3
MinimumVisualStudioVersion = 10.0.40219.1
Project("{FAE04EC0-301F-11D3-BF4B-00C04F79EFBC}") = "Xamarin.RangeSlider.iOS", "Xamarin.RangeSlider.iOS\Xamarin.RangeSlider.iOS.csproj", "{386A1BE8-ADD9-497B-A3DE-5697511C8927}"
EndProject
Project("{FAE04EC0-301F-11D3-BF4B-00C04F79EFBC}") = "Xamarin.RangeSlider.Droid", "Xamarin.RangeSlider.Droid\Xamarin.RangeSlider.Droid.csproj", "{4DB83E8B-C19A-4724-878B-9241BCBB8D0D}"
EndProject
Project("{2150E333-8FDC-42A3-9474-1A3956D46DE8}") = "Controls", "Controls", "{30A05BCA-CFCA-4052-A829-4619513420E1}"
EndProject
Project("{2150E333-8FDC-42A3-9474-1A3956D46DE8}") = "Solution Items", "Solution Items", "{BB777682-FA30-4C65-9CA8-55003C641722}"
	ProjectSection(SolutionItems) = preProject
		build.cake = build.cake
		README.md = README.md
		Xamarin.Forms.RangeSlider.nuspec = Xamarin.Forms.RangeSlider.nuspec
		Xamarin.RangeSlider.nuspec = Xamarin.RangeSlider.nuspec
	EndProjectSection
EndProject
Project("{FAE04EC0-301F-11D3-BF4B-00C04F79EFBC}") = "Xamarin.RangeSlider.Common", "Xamarin.RangeSlider.Common\Xamarin.RangeSlider.Common.csproj", "{8EA35996-D247-4847-BC05-5D4BD97B2D7D}"
EndProject
Global
	GlobalSection(SolutionConfigurationPlatforms) = preSolution
		Ad-Hoc|Any CPU = Ad-Hoc|Any CPU
		Ad-Hoc|ARM = Ad-Hoc|ARM
		Ad-Hoc|iPhone = Ad-Hoc|iPhone
		Ad-Hoc|iPhoneSimulator = Ad-Hoc|iPhoneSimulator
		Ad-Hoc|x64 = Ad-Hoc|x64
		Ad-Hoc|x86 = Ad-Hoc|x86
		AppStore|Any CPU = AppStore|Any CPU
		AppStore|ARM = AppStore|ARM
		AppStore|iPhone = AppStore|iPhone
		AppStore|iPhoneSimulator = AppStore|iPhoneSimulator
		AppStore|x64 = AppStore|x64
		AppStore|x86 = AppStore|x86
		Debug|Any CPU = Debug|Any CPU
		Debug|ARM = Debug|ARM
		Debug|iPhone = Debug|iPhone
		Debug|iPhoneSimulator = Debug|iPhoneSimulator
		Debug|x64 = Debug|x64
		Debug|x86 = Debug|x86
		Release|Any CPU = Release|Any CPU
		Release|ARM = Release|ARM
		Release|iPhone = Release|iPhone
		Release|iPhoneSimulator = Release|iPhoneSimulator
		Release|x64 = Release|x64
		Release|x86 = Release|x86
	EndGlobalSection
	GlobalSection(ProjectConfigurationPlatforms) = postSolution
		{386A1BE8-ADD9-497B-A3DE-5697511C8927}.Ad-Hoc|Any CPU.ActiveCfg = Release|Any CPU
		{386A1BE8-ADD9-497B-A3DE-5697511C8927}.Ad-Hoc|Any CPU.Build.0 = Release|Any CPU
		{386A1BE8-ADD9-497B-A3DE-5697511C8927}.Ad-Hoc|ARM.ActiveCfg = Release|Any CPU
		{386A1BE8-ADD9-497B-A3DE-5697511C8927}.Ad-Hoc|ARM.Build.0 = Release|Any CPU
		{386A1BE8-ADD9-497B-A3DE-5697511C8927}.Ad-Hoc|iPhone.ActiveCfg = Release|Any CPU
		{386A1BE8-ADD9-497B-A3DE-5697511C8927}.Ad-Hoc|iPhone.Build.0 = Release|Any CPU
		{386A1BE8-ADD9-497B-A3DE-5697511C8927}.Ad-Hoc|iPhoneSimulator.ActiveCfg = Release|Any CPU
		{386A1BE8-ADD9-497B-A3DE-5697511C8927}.Ad-Hoc|iPhoneSimulator.Build.0 = Release|Any CPU
		{386A1BE8-ADD9-497B-A3DE-5697511C8927}.Ad-Hoc|x64.ActiveCfg = Release|Any CPU
		{386A1BE8-ADD9-497B-A3DE-5697511C8927}.Ad-Hoc|x64.Build.0 = Release|Any CPU
		{386A1BE8-ADD9-497B-A3DE-5697511C8927}.Ad-Hoc|x86.ActiveCfg = Release|Any CPU
		{386A1BE8-ADD9-497B-A3DE-5697511C8927}.Ad-Hoc|x86.Build.0 = Release|Any CPU
		{386A1BE8-ADD9-497B-A3DE-5697511C8927}.AppStore|Any CPU.ActiveCfg = Release|Any CPU
		{386A1BE8-ADD9-497B-A3DE-5697511C8927}.AppStore|Any CPU.Build.0 = Release|Any CPU
		{386A1BE8-ADD9-497B-A3DE-5697511C8927}.AppStore|ARM.ActiveCfg = Release|Any CPU
		{386A1BE8-ADD9-497B-A3DE-5697511C8927}.AppStore|ARM.Build.0 = Release|Any CPU
		{386A1BE8-ADD9-497B-A3DE-5697511C8927}.AppStore|iPhone.ActiveCfg = Release|Any CPU
		{386A1BE8-ADD9-497B-A3DE-5697511C8927}.AppStore|iPhone.Build.0 = Release|Any CPU
		{386A1BE8-ADD9-497B-A3DE-5697511C8927}.AppStore|iPhoneSimulator.ActiveCfg = Release|Any CPU
		{386A1BE8-ADD9-497B-A3DE-5697511C8927}.AppStore|iPhoneSimulator.Build.0 = Release|Any CPU
		{386A1BE8-ADD9-497B-A3DE-5697511C8927}.AppStore|x64.ActiveCfg = Release|Any CPU
		{386A1BE8-ADD9-497B-A3DE-5697511C8927}.AppStore|x64.Build.0 = Release|Any CPU
		{386A1BE8-ADD9-497B-A3DE-5697511C8927}.AppStore|x86.ActiveCfg = Release|Any CPU
		{386A1BE8-ADD9-497B-A3DE-5697511C8927}.AppStore|x86.Build.0 = Release|Any CPU
		{386A1BE8-ADD9-497B-A3DE-5697511C8927}.Debug|Any CPU.ActiveCfg = Debug|Any CPU
		{386A1BE8-ADD9-497B-A3DE-5697511C8927}.Debug|Any CPU.Build.0 = Debug|Any CPU
		{386A1BE8-ADD9-497B-A3DE-5697511C8927}.Debug|ARM.ActiveCfg = Debug|Any CPU
		{386A1BE8-ADD9-497B-A3DE-5697511C8927}.Debug|ARM.Build.0 = Debug|Any CPU
		{386A1BE8-ADD9-497B-A3DE-5697511C8927}.Debug|iPhone.ActiveCfg = Debug|Any CPU
		{386A1BE8-ADD9-497B-A3DE-5697511C8927}.Debug|iPhone.Build.0 = Debug|Any CPU
		{386A1BE8-ADD9-497B-A3DE-5697511C8927}.Debug|iPhoneSimulator.ActiveCfg = Debug|Any CPU
		{386A1BE8-ADD9-497B-A3DE-5697511C8927}.Debug|iPhoneSimulator.Build.0 = Debug|Any CPU
		{386A1BE8-ADD9-497B-A3DE-5697511C8927}.Debug|x64.ActiveCfg = Debug|Any CPU
		{386A1BE8-ADD9-497B-A3DE-5697511C8927}.Debug|x64.Build.0 = Debug|Any CPU
		{386A1BE8-ADD9-497B-A3DE-5697511C8927}.Debug|x86.ActiveCfg = Debug|Any CPU
		{386A1BE8-ADD9-497B-A3DE-5697511C8927}.Debug|x86.Build.0 = Debug|Any CPU
		{386A1BE8-ADD9-497B-A3DE-5697511C8927}.Release|Any CPU.ActiveCfg = Release|Any CPU
		{386A1BE8-ADD9-497B-A3DE-5697511C8927}.Release|Any CPU.Build.0 = Release|Any CPU
		{386A1BE8-ADD9-497B-A3DE-5697511C8927}.Release|ARM.ActiveCfg = Release|Any CPU
		{386A1BE8-ADD9-497B-A3DE-5697511C8927}.Release|ARM.Build.0 = Release|Any CPU
		{386A1BE8-ADD9-497B-A3DE-5697511C8927}.Release|iPhone.ActiveCfg = Release|Any CPU
		{386A1BE8-ADD9-497B-A3DE-5697511C8927}.Release|iPhone.Build.0 = Release|Any CPU
		{386A1BE8-ADD9-497B-A3DE-5697511C8927}.Release|iPhoneSimulator.ActiveCfg = Release|Any CPU
		{386A1BE8-ADD9-497B-A3DE-5697511C8927}.Release|iPhoneSimulator.Build.0 = Release|Any CPU
		{386A1BE8-ADD9-497B-A3DE-5697511C8927}.Release|x64.ActiveCfg = Release|Any CPU
		{386A1BE8-ADD9-497B-A3DE-5697511C8927}.Release|x64.Build.0 = Release|Any CPU
		{386A1BE8-ADD9-497B-A3DE-5697511C8927}.Release|x86.ActiveCfg = Release|Any CPU
		{386A1BE8-ADD9-497B-A3DE-5697511C8927}.Release|x86.Build.0 = Release|Any CPU
		{4DB83E8B-C19A-4724-878B-9241BCBB8D0D}.Ad-Hoc|Any CPU.ActiveCfg = Release|Any CPU
		{4DB83E8B-C19A-4724-878B-9241BCBB8D0D}.Ad-Hoc|Any CPU.Build.0 = Release|Any CPU
		{4DB83E8B-C19A-4724-878B-9241BCBB8D0D}.Ad-Hoc|ARM.ActiveCfg = Release|Any CPU
		{4DB83E8B-C19A-4724-878B-9241BCBB8D0D}.Ad-Hoc|ARM.Build.0 = Release|Any CPU
		{4DB83E8B-C19A-4724-878B-9241BCBB8D0D}.Ad-Hoc|iPhone.ActiveCfg = Release|Any CPU
		{4DB83E8B-C19A-4724-878B-9241BCBB8D0D}.Ad-Hoc|iPhone.Build.0 = Release|Any CPU
		{4DB83E8B-C19A-4724-878B-9241BCBB8D0D}.Ad-Hoc|iPhoneSimulator.ActiveCfg = Release|Any CPU
		{4DB83E8B-C19A-4724-878B-9241BCBB8D0D}.Ad-Hoc|iPhoneSimulator.Build.0 = Release|Any CPU
		{4DB83E8B-C19A-4724-878B-9241BCBB8D0D}.Ad-Hoc|x64.ActiveCfg = Release|Any CPU
		{4DB83E8B-C19A-4724-878B-9241BCBB8D0D}.Ad-Hoc|x64.Build.0 = Release|Any CPU
		{4DB83E8B-C19A-4724-878B-9241BCBB8D0D}.Ad-Hoc|x86.ActiveCfg = Release|Any CPU
		{4DB83E8B-C19A-4724-878B-9241BCBB8D0D}.Ad-Hoc|x86.Build.0 = Release|Any CPU
		{4DB83E8B-C19A-4724-878B-9241BCBB8D0D}.AppStore|Any CPU.ActiveCfg = Release|Any CPU
		{4DB83E8B-C19A-4724-878B-9241BCBB8D0D}.AppStore|Any CPU.Build.0 = Release|Any CPU
		{4DB83E8B-C19A-4724-878B-9241BCBB8D0D}.AppStore|ARM.ActiveCfg = Release|Any CPU
		{4DB83E8B-C19A-4724-878B-9241BCBB8D0D}.AppStore|ARM.Build.0 = Release|Any CPU
		{4DB83E8B-C19A-4724-878B-9241BCBB8D0D}.AppStore|iPhone.ActiveCfg = Release|Any CPU
		{4DB83E8B-C19A-4724-878B-9241BCBB8D0D}.AppStore|iPhone.Build.0 = Release|Any CPU
		{4DB83E8B-C19A-4724-878B-9241BCBB8D0D}.AppStore|iPhoneSimulator.ActiveCfg = Release|Any CPU
		{4DB83E8B-C19A-4724-878B-9241BCBB8D0D}.AppStore|iPhoneSimulator.Build.0 = Release|Any CPU
		{4DB83E8B-C19A-4724-878B-9241BCBB8D0D}.AppStore|x64.ActiveCfg = Release|Any CPU
		{4DB83E8B-C19A-4724-878B-9241BCBB8D0D}.AppStore|x64.Build.0 = Release|Any CPU
		{4DB83E8B-C19A-4724-878B-9241BCBB8D0D}.AppStore|x86.ActiveCfg = Release|Any CPU
		{4DB83E8B-C19A-4724-878B-9241BCBB8D0D}.AppStore|x86.Build.0 = Release|Any CPU
		{4DB83E8B-C19A-4724-878B-9241BCBB8D0D}.Debug|Any CPU.ActiveCfg = Debug|Any CPU
		{4DB83E8B-C19A-4724-878B-9241BCBB8D0D}.Debug|Any CPU.Build.0 = Debug|Any CPU
		{4DB83E8B-C19A-4724-878B-9241BCBB8D0D}.Debug|ARM.ActiveCfg = Debug|Any CPU
		{4DB83E8B-C19A-4724-878B-9241BCBB8D0D}.Debug|ARM.Build.0 = Debug|Any CPU
		{4DB83E8B-C19A-4724-878B-9241BCBB8D0D}.Debug|iPhone.ActiveCfg = Debug|Any CPU
		{4DB83E8B-C19A-4724-878B-9241BCBB8D0D}.Debug|iPhone.Build.0 = Debug|Any CPU
		{4DB83E8B-C19A-4724-878B-9241BCBB8D0D}.Debug|iPhoneSimulator.ActiveCfg = Debug|Any CPU
		{4DB83E8B-C19A-4724-878B-9241BCBB8D0D}.Debug|iPhoneSimulator.Build.0 = Debug|Any CPU
		{4DB83E8B-C19A-4724-878B-9241BCBB8D0D}.Debug|x64.ActiveCfg = Debug|Any CPU
		{4DB83E8B-C19A-4724-878B-9241BCBB8D0D}.Debug|x64.Build.0 = Debug|Any CPU
		{4DB83E8B-C19A-4724-878B-9241BCBB8D0D}.Debug|x86.ActiveCfg = Debug|Any CPU
		{4DB83E8B-C19A-4724-878B-9241BCBB8D0D}.Debug|x86.Build.0 = Debug|Any CPU
		{4DB83E8B-C19A-4724-878B-9241BCBB8D0D}.Release|Any CPU.ActiveCfg = Release|Any CPU
		{4DB83E8B-C19A-4724-878B-9241BCBB8D0D}.Release|Any CPU.Build.0 = Release|Any CPU
		{4DB83E8B-C19A-4724-878B-9241BCBB8D0D}.Release|ARM.ActiveCfg = Release|Any CPU
		{4DB83E8B-C19A-4724-878B-9241BCBB8D0D}.Release|ARM.Build.0 = Release|Any CPU
		{4DB83E8B-C19A-4724-878B-9241BCBB8D0D}.Release|iPhone.ActiveCfg = Release|Any CPU
		{4DB83E8B-C19A-4724-878B-9241BCBB8D0D}.Release|iPhone.Build.0 = Release|Any CPU
		{4DB83E8B-C19A-4724-878B-9241BCBB8D0D}.Release|iPhoneSimulator.ActiveCfg = Release|Any CPU
		{4DB83E8B-C19A-4724-878B-9241BCBB8D0D}.Release|iPhoneSimulator.Build.0 = Release|Any CPU
		{4DB83E8B-C19A-4724-878B-9241BCBB8D0D}.Release|x64.ActiveCfg = Release|Any CPU
		{4DB83E8B-C19A-4724-878B-9241BCBB8D0D}.Release|x64.Build.0 = Release|Any CPU
		{4DB83E8B-C19A-4724-878B-9241BCBB8D0D}.Release|x86.ActiveCfg = Release|Any CPU
		{4DB83E8B-C19A-4724-878B-9241BCBB8D0D}.Release|x86.Build.0 = Release|Any CPU
		{8EA35996-D247-4847-BC05-5D4BD97B2D7D}.Ad-Hoc|Any CPU.ActiveCfg = Release|Any CPU
		{8EA35996-D247-4847-BC05-5D4BD97B2D7D}.Ad-Hoc|Any CPU.Build.0 = Release|Any CPU
		{8EA35996-D247-4847-BC05-5D4BD97B2D7D}.Ad-Hoc|ARM.ActiveCfg = Release|Any CPU
		{8EA35996-D247-4847-BC05-5D4BD97B2D7D}.Ad-Hoc|ARM.Build.0 = Release|Any CPU
		{8EA35996-D247-4847-BC05-5D4BD97B2D7D}.Ad-Hoc|iPhone.ActiveCfg = Release|Any CPU
		{8EA35996-D247-4847-BC05-5D4BD97B2D7D}.Ad-Hoc|iPhone.Build.0 = Release|Any CPU
		{8EA35996-D247-4847-BC05-5D4BD97B2D7D}.Ad-Hoc|iPhoneSimulator.ActiveCfg = Release|Any CPU
		{8EA35996-D247-4847-BC05-5D4BD97B2D7D}.Ad-Hoc|iPhoneSimulator.Build.0 = Release|Any CPU
		{8EA35996-D247-4847-BC05-5D4BD97B2D7D}.Ad-Hoc|x64.ActiveCfg = Release|Any CPU
		{8EA35996-D247-4847-BC05-5D4BD97B2D7D}.Ad-Hoc|x64.Build.0 = Release|Any CPU
		{8EA35996-D247-4847-BC05-5D4BD97B2D7D}.Ad-Hoc|x86.ActiveCfg = Release|Any CPU
		{8EA35996-D247-4847-BC05-5D4BD97B2D7D}.Ad-Hoc|x86.Build.0 = Release|Any CPU
		{8EA35996-D247-4847-BC05-5D4BD97B2D7D}.AppStore|Any CPU.ActiveCfg = Release|Any CPU
		{8EA35996-D247-4847-BC05-5D4BD97B2D7D}.AppStore|Any CPU.Build.0 = Release|Any CPU
		{8EA35996-D247-4847-BC05-5D4BD97B2D7D}.AppStore|ARM.ActiveCfg = Release|Any CPU
		{8EA35996-D247-4847-BC05-5D4BD97B2D7D}.AppStore|ARM.Build.0 = Release|Any CPU
		{8EA35996-D247-4847-BC05-5D4BD97B2D7D}.AppStore|iPhone.ActiveCfg = Release|Any CPU
		{8EA35996-D247-4847-BC05-5D4BD97B2D7D}.AppStore|iPhone.Build.0 = Release|Any CPU
		{8EA35996-D247-4847-BC05-5D4BD97B2D7D}.AppStore|iPhoneSimulator.ActiveCfg = Release|Any CPU
		{8EA35996-D247-4847-BC05-5D4BD97B2D7D}.AppStore|iPhoneSimulator.Build.0 = Release|Any CPU
		{8EA35996-D247-4847-BC05-5D4BD97B2D7D}.AppStore|x64.ActiveCfg = Release|Any CPU
		{8EA35996-D247-4847-BC05-5D4BD97B2D7D}.AppStore|x64.Build.0 = Release|Any CPU
		{8EA35996-D247-4847-BC05-5D4BD97B2D7D}.AppStore|x86.ActiveCfg = Release|Any CPU
		{8EA35996-D247-4847-BC05-5D4BD97B2D7D}.AppStore|x86.Build.0 = Release|Any CPU
		{8EA35996-D247-4847-BC05-5D4BD97B2D7D}.Debug|Any CPU.ActiveCfg = Debug|Any CPU
		{8EA35996-D247-4847-BC05-5D4BD97B2D7D}.Debug|Any CPU.Build.0 = Debug|Any CPU
		{8EA35996-D247-4847-BC05-5D4BD97B2D7D}.Debug|ARM.ActiveCfg = Debug|Any CPU
		{8EA35996-D247-4847-BC05-5D4BD97B2D7D}.Debug|ARM.Build.0 = Debug|Any CPU
		{8EA35996-D247-4847-BC05-5D4BD97B2D7D}.Debug|iPhone.ActiveCfg = Debug|Any CPU
		{8EA35996-D247-4847-BC05-5D4BD97B2D7D}.Debug|iPhone.Build.0 = Debug|Any CPU
		{8EA35996-D247-4847-BC05-5D4BD97B2D7D}.Debug|iPhoneSimulator.ActiveCfg = Debug|Any CPU
		{8EA35996-D247-4847-BC05-5D4BD97B2D7D}.Debug|iPhoneSimulator.Build.0 = Debug|Any CPU
		{8EA35996-D247-4847-BC05-5D4BD97B2D7D}.Debug|x64.ActiveCfg = Debug|Any CPU
		{8EA35996-D247-4847-BC05-5D4BD97B2D7D}.Debug|x64.Build.0 = Debug|Any CPU
		{8EA35996-D247-4847-BC05-5D4BD97B2D7D}.Debug|x86.ActiveCfg = Debug|Any CPU
		{8EA35996-D247-4847-BC05-5D4BD97B2D7D}.Debug|x86.Build.0 = Debug|Any CPU
		{8EA35996-D247-4847-BC05-5D4BD97B2D7D}.Release|Any CPU.ActiveCfg = Release|Any CPU
		{8EA35996-D247-4847-BC05-5D4BD97B2D7D}.Release|Any CPU.Build.0 = Release|Any CPU
		{8EA35996-D247-4847-BC05-5D4BD97B2D7D}.Release|ARM.ActiveCfg = Release|Any CPU
		{8EA35996-D247-4847-BC05-5D4BD97B2D7D}.Release|ARM.Build.0 = Release|Any CPU
		{8EA35996-D247-4847-BC05-5D4BD97B2D7D}.Release|iPhone.ActiveCfg = Release|Any CPU
		{8EA35996-D247-4847-BC05-5D4BD97B2D7D}.Release|iPhone.Build.0 = Release|Any CPU
		{8EA35996-D247-4847-BC05-5D4BD97B2D7D}.Release|iPhoneSimulator.ActiveCfg = Release|Any CPU
		{8EA35996-D247-4847-BC05-5D4BD97B2D7D}.Release|iPhoneSimulator.Build.0 = Release|Any CPU
		{8EA35996-D247-4847-BC05-5D4BD97B2D7D}.Release|x64.ActiveCfg = Release|Any CPU
		{8EA35996-D247-4847-BC05-5D4BD97B2D7D}.Release|x64.Build.0 = Release|Any CPU
		{8EA35996-D247-4847-BC05-5D4BD97B2D7D}.Release|x86.ActiveCfg = Release|Any CPU
		{8EA35996-D247-4847-BC05-5D4BD97B2D7D}.Release|x86.Build.0 = Release|Any CPU
	EndGlobalSection
	GlobalSection(SolutionProperties) = preSolution
		HideSolutionNode = FALSE
	EndGlobalSection
	GlobalSection(NestedProjects) = preSolution
		{386A1BE8-ADD9-497B-A3DE-5697511C8927} = {30A05BCA-CFCA-4052-A829-4619513420E1}
		{4DB83E8B-C19A-4724-878B-9241BCBB8D0D} = {30A05BCA-CFCA-4052-A829-4619513420E1}
	EndGlobalSection
	GlobalSection(ExtensibilityGlobals) = postSolution
		SolutionGuid = {4A9DDE09-FF6C-486F-91A9-7B28C3D65382}
	EndGlobalSection
EndGlobal
